{
  "version": 4,
  "terraform_version": "1.5.5",
  "serial": 9,
  "lineage": "7b7a6061-0aef-e19f-1318-37c2f105557b",
  "outputs": {},
  "resources": [
    {
      "mode": "managed",
      "type": "proxmox_vm_qemu",
      "name": "nginx",
      "provider": "provider[\"registry.terraform.io/telmate/proxmox\"]",
      "instances": [
        {
          "schema_version": 0,
          "attributes": {
            "additional_wait": 0,
            "agent": 1,
            "args": "",
            "automatic_reboot": true,
            "balloon": 0,
            "bios": "seabios",
            "boot": "order=scsi0;ide2",
            "bootdisk": "",
            "bridge": "",
            "ci_wait": null,
            "cicustom": "",
            "cipassword": "Wrb4DBAZWpBAXN50mMR15ll5",
            "ciuser": "boxbox",
            "clone": "ubuntu-2204-cloud-init-template",
            "clone_wait": 0,
            "cloudinit_cdrom_storage": "local-lvm",
            "cores": 1,
            "cpu": "host",
            "default_ipv4_address": "192.168.134.101",
            "define_connection_info": true,
            "desc": "Reverse proxy for proxmox virtual machines.",
            "disk": [
              {
                "aio": "",
                "backup": 1,
                "cache": "none",
                "discard": "",
                "file": "vm-101-disk-0",
                "format": "raw",
                "iops": 0,
                "iops_max": 0,
                "iops_max_length": 0,
                "iops_rd": 0,
                "iops_rd_max": 0,
                "iops_rd_max_length": 0,
                "iops_wr": 0,
                "iops_wr_max": 0,
                "iops_wr_max_length": 0,
                "iothread": 0,
                "mbps": 0,
                "mbps_rd": 0,
                "mbps_rd_max": 0,
                "mbps_wr": 0,
                "mbps_wr_max": 0,
                "media": "",
                "replicate": 0,
                "size": "8G",
                "slot": 0,
                "ssd": 0,
                "storage": "local-lvm",
                "storage_type": "lvmthin",
                "type": "scsi",
                "volume": "local-lvm:vm-101-disk-0"
              }
            ],
            "disk_gb": 0,
            "force_create": false,
            "force_recreate_on_change_of": null,
            "full_clone": true,
            "guest_agent_ready_timeout": 100,
            "hagroup": "",
            "hastate": "",
            "hotplug": "disk,network,usb",
            "id": "proxmox/qemu/101",
            "ipconfig0": "ip=192.168.134.101/24,gw=192.168.134.1,ip6=auto",
            "ipconfig1": "",
            "ipconfig2": "",
            "ipconfig3": "",
            "ipconfig4": "",
            "ipconfig5": "",
            "iso": null,
            "kvm": true,
            "mac": "",
            "memory": 2048,
            "name": "reverse-proxy-nginx",
            "nameserver": "",
            "network": [
              {
                "bridge": "vmbr0",
                "firewall": false,
                "link_down": false,
                "macaddr": "00:00:C0:A8:86:65",
                "model": "virtio",
                "mtu": 0,
                "queues": 0,
                "rate": 0,
                "tag": -1
              }
            ],
            "nic": "",
            "numa": false,
            "onboot": true,
            "oncreate": true,
            "os_network_config": null,
            "os_type": "cloud-init",
            "pool": "",
            "preprovision": true,
            "pxe": null,
            "qemu_os": "other",
            "reboot_required": false,
            "scsihw": "virtio-scsi-pci",
            "searchdomain": "",
            "serial": [],
            "sockets": 1,
            "ssh_forward_ip": null,
            "ssh_host": "192.168.134.101",
            "ssh_port": "22",
            "ssh_private_key": null,
            "ssh_user": null,
            "sshkeys": "ssh-rsa AAAAB3NzaC1yc2EAAAADAQABAAABgQCqGlGbMBfI6iUTwgyhDXbS/HO3XFIQye9UsCUmXW5nynRdYzuIQZjJfdjeo0RGwkSofDxo32rDzLGahh+sQvUfoGb2XwWgNcngE0NLa0bddGiKMCCHr7MB53vlPrjK09dMCTRvFdxd2t6pn3w/EHAqi5uB1LdzRB+ciAnTLtXwxpcRORYJi8mZYITaZMX+VWXwTpQcdo3Y0XUAifk7xi6KgMwsFuR5KV/b+u+M5O+0+lFHHCZhnQGagWZB2XLQHU2Ga3iBHIB2fHQpWSzP+XAZ9aVkKlPWGQpGQfvxg+d4bB7aieHJuik/WMWxm4CMwI4TVjS8yxTYn70FIL5Kva8SIRcr6gIZjjiM1H0QExW8ItNgmq2xc/I/T7FmuK/hADz9aVrOLFBJuJGHHpMtBewSuffrNflnJz9gvq6bL+zLEpfbcc9bMVUCCZI0D/6VC1ii855f4BMuBe1jhRtByuCTGX7QeTAJN5dS30K7fE2Y89PqHxkdC5cwiuBZyRz7VNk= boxbox@desktop\n",
            "startup": "",
            "storage": "",
            "storage_type": "",
            "tablet": true,
            "tags": "nginx;reverse-proxy",
            "target_node": "proxmox",
            "timeouts": null,
            "unused_disk": [],
            "usb": [],
            "vcpus": 0,
            "vga": [],
            "vlan": -1,
            "vmid": 101
          },
          "sensitive_attributes": [
            [
              {
                "type": "get_attr",
                "value": "sshkeys"
              }
            ],
            [
              {
                "type": "get_attr",
                "value": "ciuser"
              }
            ],
            [
              {
                "type": "get_attr",
                "value": "cipassword"
              }
            ]
          ],
          "private": "eyJlMmJmYjczMC1lY2FhLTExZTYtOGY4OC0zNDM2M2JjN2M0YzAiOnsiY3JlYXRlIjozMDAwMDAwMDAwMDAsImRlZmF1bHQiOjMwMDAwMDAwMDAwMCwiZGVsZXRlIjoxODAwMDAwMDAwMDAsInJlYWQiOjE4MDAwMDAwMDAwMCwidXBkYXRlIjoxODAwMDAwMDAwMDB9fQ=="
        }
      ]
    },
    {
      "mode": "managed",
      "type": "proxmox_vm_qemu",
      "name": "pihole",
      "provider": "provider[\"registry.terraform.io/telmate/proxmox\"]",
      "instances": [
        {
          "schema_version": 0,
          "attributes": {
            "additional_wait": 0,
            "agent": 1,
            "args": "",
            "automatic_reboot": true,
            "balloon": 0,
            "bios": "seabios",
            "boot": "order=scsi0;ide2",
            "bootdisk": "",
            "bridge": "",
            "ci_wait": null,
            "cicustom": "",
            "cipassword": "Wrb4DBAZWpBAXN50mMR15ll5",
            "ciuser": "boxbox",
            "clone": "ubuntu-2204-cloud-init-template",
            "clone_wait": 0,
            "cloudinit_cdrom_storage": "local-lvm",
            "cores": 1,
            "cpu": "host",
            "default_ipv4_address": "192.168.134.102",
            "define_connection_info": true,
            "desc": "DNS for proxmox virtual machines and kubernetes.",
            "disk": [
              {
                "aio": "",
                "backup": 1,
                "cache": "none",
                "discard": "",
                "file": "vm-102-disk-0",
                "format": "raw",
                "iops": 0,
                "iops_max": 0,
                "iops_max_length": 0,
                "iops_rd": 0,
                "iops_rd_max": 0,
                "iops_rd_max_length": 0,
                "iops_wr": 0,
                "iops_wr_max": 0,
                "iops_wr_max_length": 0,
                "iothread": 0,
                "mbps": 0,
                "mbps_rd": 0,
                "mbps_rd_max": 0,
                "mbps_wr": 0,
                "mbps_wr_max": 0,
                "media": "",
                "replicate": 0,
                "size": "8G",
                "slot": 0,
                "ssd": 0,
                "storage": "local-lvm",
                "storage_type": "lvmthin",
                "type": "scsi",
                "volume": "local-lvm:vm-102-disk-0"
              }
            ],
            "disk_gb": 0,
            "force_create": false,
            "force_recreate_on_change_of": null,
            "full_clone": true,
            "guest_agent_ready_timeout": 100,
            "hagroup": "",
            "hastate": "",
            "hotplug": "disk,network,usb",
            "id": "proxmox/qemu/102",
            "ipconfig0": "ip=192.168.134.102/24,gw=192.168.134.1,ip6=auto",
            "ipconfig1": "",
            "ipconfig2": "",
            "ipconfig3": "",
            "ipconfig4": "",
            "ipconfig5": "",
            "iso": null,
            "kvm": true,
            "mac": "",
            "memory": 2048,
            "name": "dns-pihole",
            "nameserver": "",
            "network": [
              {
                "bridge": "vmbr0",
                "firewall": false,
                "link_down": false,
                "macaddr": "00:00:C0:A8:86:66",
                "model": "virtio",
                "mtu": 0,
                "queues": 0,
                "rate": 0,
                "tag": -1
              }
            ],
            "nic": "",
            "numa": false,
            "onboot": true,
            "oncreate": true,
            "os_network_config": null,
            "os_type": "cloud-init",
            "pool": "",
            "preprovision": true,
            "pxe": null,
            "qemu_os": "other",
            "reboot_required": false,
            "scsihw": "virtio-scsi-pci",
            "searchdomain": "",
            "serial": [],
            "sockets": 1,
            "ssh_forward_ip": null,
            "ssh_host": "192.168.134.102",
            "ssh_port": "22",
            "ssh_private_key": null,
            "ssh_user": null,
            "sshkeys": "ssh-rsa AAAAB3NzaC1yc2EAAAADAQABAAABgQCqGlGbMBfI6iUTwgyhDXbS/HO3XFIQye9UsCUmXW5nynRdYzuIQZjJfdjeo0RGwkSofDxo32rDzLGahh+sQvUfoGb2XwWgNcngE0NLa0bddGiKMCCHr7MB53vlPrjK09dMCTRvFdxd2t6pn3w/EHAqi5uB1LdzRB+ciAnTLtXwxpcRORYJi8mZYITaZMX+VWXwTpQcdo3Y0XUAifk7xi6KgMwsFuR5KV/b+u+M5O+0+lFHHCZhnQGagWZB2XLQHU2Ga3iBHIB2fHQpWSzP+XAZ9aVkKlPWGQpGQfvxg+d4bB7aieHJuik/WMWxm4CMwI4TVjS8yxTYn70FIL5Kva8SIRcr6gIZjjiM1H0QExW8ItNgmq2xc/I/T7FmuK/hADz9aVrOLFBJuJGHHpMtBewSuffrNflnJz9gvq6bL+zLEpfbcc9bMVUCCZI0D/6VC1ii855f4BMuBe1jhRtByuCTGX7QeTAJN5dS30K7fE2Y89PqHxkdC5cwiuBZyRz7VNk= boxbox@desktop\n",
            "startup": "",
            "storage": "",
            "storage_type": "",
            "tablet": true,
            "tags": "dns;pihole",
            "target_node": "proxmox",
            "timeouts": null,
            "unused_disk": [],
            "usb": [],
            "vcpus": 0,
            "vga": [],
            "vlan": -1,
            "vmid": 102
          },
          "sensitive_attributes": [
            [
              {
                "type": "get_attr",
                "value": "sshkeys"
              }
            ],
            [
              {
                "type": "get_attr",
                "value": "cipassword"
              }
            ],
            [
              {
                "type": "get_attr",
                "value": "ciuser"
              }
            ]
          ],
          "private": "eyJlMmJmYjczMC1lY2FhLTExZTYtOGY4OC0zNDM2M2JjN2M0YzAiOnsiY3JlYXRlIjozMDAwMDAwMDAwMDAsImRlZmF1bHQiOjMwMDAwMDAwMDAwMCwiZGVsZXRlIjoxODAwMDAwMDAwMDAsInJlYWQiOjE4MDAwMDAwMDAwMCwidXBkYXRlIjoxODAwMDAwMDAwMDB9fQ=="
        }
      ]
    },
    {
      "mode": "managed",
      "type": "proxmox_vm_qemu",
      "name": "rke2",
      "provider": "provider[\"registry.terraform.io/telmate/proxmox\"]",
      "instances": [
        {
          "schema_version": 0,
          "attributes": {
            "additional_wait": 0,
            "agent": 1,
            "args": "",
            "automatic_reboot": true,
            "balloon": 0,
            "bios": "seabios",
            "boot": "order=scsi0;ide2",
            "bootdisk": "",
            "bridge": "",
            "ci_wait": null,
            "cicustom": "",
            "cipassword": "Wrb4DBAZWpBAXN50mMR15ll5",
            "ciuser": "boxbox",
            "clone": "ubuntu-2204-cloud-init-template",
            "clone_wait": 0,
            "cloudinit_cdrom_storage": "local-lvm",
            "cores": 12,
            "cpu": "host",
            "default_ipv4_address": "192.168.134.110",
            "define_connection_info": true,
            "desc": "Kubernetes single node cluster.",
            "disk": [
              {
                "aio": "",
                "backup": 1,
                "cache": "none",
                "discard": "",
                "file": "vm-110-disk-0",
                "format": "raw",
                "iops": 0,
                "iops_max": 0,
                "iops_max_length": 0,
                "iops_rd": 0,
                "iops_rd_max": 0,
                "iops_rd_max_length": 0,
                "iops_wr": 0,
                "iops_wr_max": 0,
                "iops_wr_max_length": 0,
                "iothread": 0,
                "mbps": 0,
                "mbps_rd": 0,
                "mbps_rd_max": 0,
                "mbps_wr": 0,
                "mbps_wr_max": 0,
                "media": "",
                "replicate": 0,
                "size": "128G",
                "slot": 0,
                "ssd": 0,
                "storage": "local-lvm",
                "storage_type": "lvmthin",
                "type": "scsi",
                "volume": "local-lvm:vm-110-disk-0"
              }
            ],
            "disk_gb": 0,
            "force_create": false,
            "force_recreate_on_change_of": null,
            "full_clone": true,
            "guest_agent_ready_timeout": 100,
            "hagroup": "",
            "hastate": "",
            "hotplug": "disk,network,usb",
            "id": "proxmox/qemu/110",
            "ipconfig0": "ip=192.168.134.110/24,gw=192.168.134.1,ip6=auto",
            "ipconfig1": "",
            "ipconfig2": "",
            "ipconfig3": "",
            "ipconfig4": "",
            "ipconfig5": "",
            "iso": null,
            "kvm": true,
            "mac": "",
            "memory": 65536,
            "name": "k8s-rke2",
            "nameserver": "",
            "network": [
              {
                "bridge": "vmbr0",
                "firewall": false,
                "link_down": false,
                "macaddr": "00:00:C0:A8:86:6E",
                "model": "virtio",
                "mtu": 0,
                "queues": 0,
                "rate": 0,
                "tag": -1
              }
            ],
            "nic": "",
            "numa": false,
            "onboot": true,
            "oncreate": true,
            "os_network_config": null,
            "os_type": "cloud-init",
            "pool": "",
            "preprovision": true,
            "pxe": null,
            "qemu_os": "other",
            "reboot_required": false,
            "scsihw": "virtio-scsi-pci",
            "searchdomain": "",
            "serial": [],
            "sockets": 1,
            "ssh_forward_ip": null,
            "ssh_host": "192.168.134.110",
            "ssh_port": "22",
            "ssh_private_key": null,
            "ssh_user": null,
            "sshkeys": "ssh-rsa AAAAB3NzaC1yc2EAAAADAQABAAABgQCqGlGbMBfI6iUTwgyhDXbS/HO3XFIQye9UsCUmXW5nynRdYzuIQZjJfdjeo0RGwkSofDxo32rDzLGahh+sQvUfoGb2XwWgNcngE0NLa0bddGiKMCCHr7MB53vlPrjK09dMCTRvFdxd2t6pn3w/EHAqi5uB1LdzRB+ciAnTLtXwxpcRORYJi8mZYITaZMX+VWXwTpQcdo3Y0XUAifk7xi6KgMwsFuR5KV/b+u+M5O+0+lFHHCZhnQGagWZB2XLQHU2Ga3iBHIB2fHQpWSzP+XAZ9aVkKlPWGQpGQfvxg+d4bB7aieHJuik/WMWxm4CMwI4TVjS8yxTYn70FIL5Kva8SIRcr6gIZjjiM1H0QExW8ItNgmq2xc/I/T7FmuK/hADz9aVrOLFBJuJGHHpMtBewSuffrNflnJz9gvq6bL+zLEpfbcc9bMVUCCZI0D/6VC1ii855f4BMuBe1jhRtByuCTGX7QeTAJN5dS30K7fE2Y89PqHxkdC5cwiuBZyRz7VNk= boxbox@desktop\n",
            "startup": "",
            "storage": "",
            "storage_type": "",
            "tablet": true,
            "tags": "k8s;kubernetes;rke2",
            "target_node": "proxmox",
            "timeouts": null,
            "unused_disk": [],
            "usb": [],
            "vcpus": 0,
            "vga": [],
            "vlan": -1,
            "vmid": 110
          },
          "sensitive_attributes": [
            [
              {
                "type": "get_attr",
                "value": "sshkeys"
              }
            ],
            [
              {
                "type": "get_attr",
                "value": "cipassword"
              }
            ],
            [
              {
                "type": "get_attr",
                "value": "ciuser"
              }
            ]
          ],
          "private": "eyJlMmJmYjczMC1lY2FhLTExZTYtOGY4OC0zNDM2M2JjN2M0YzAiOnsiY3JlYXRlIjozMDAwMDAwMDAwMDAsImRlZmF1bHQiOjMwMDAwMDAwMDAwMCwiZGVsZXRlIjoxODAwMDAwMDAwMDAsInJlYWQiOjE4MDAwMDAwMDAwMCwidXBkYXRlIjoxODAwMDAwMDAwMDB9fQ=="
        }
      ]
    }
  ],
  "check_results": null
}
